
Microsoft Visual Studio Solution File, Format Version 12.00
# Visual Studio Version 16
VisualStudioVersion = 16.0.29728.190
MinimumVisualStudioVersion = 10.0.40219.1
Project("{FAE04EC0-301F-11D3-BF4B-00C04F79EFBC}") = "addressbook_web_test", "addressbook_web_test\addressbook_web_test.csproj", "{6093D1F3-553E-40FF-9D20-77F226C963BF}"
EndProject
Project("{2150E333-8FDC-42A3-9474-1A3956D46DE8}") = "web_autotest_lesson0", "web_autotest_lesson0", "{46FEDA50-9DDB-42CB-A49D-615452ADBF9F}"
EndProject
Global
	GlobalSection(SolutionConfigurationPlatforms) = preSolution
		Debug|Any CPU = Debug|Any CPU
		Release|Any CPU = Release|Any CPU
	EndGlobalSection
	GlobalSection(ProjectConfigurationPlatforms) = postSolution
		{6093D1F3-553E-40FF-9D20-77F226C963BF}.Debug|Any CPU.ActiveCfg = Debug|Any CPU
		{6093D1F3-553E-40FF-9D20-77F226C963BF}.Debug|Any CPU.Build.0 = Debug|Any CPU
		{6093D1F3-553E-40FF-9D20-77F226C963BF}.Release|Any CPU.ActiveCfg = Release|Any CPU
		{6093D1F3-553E-40FF-9D20-77F226C963BF}.Release|Any CPU.Build.0 = Release|Any CPU
	EndGlobalSection
	GlobalSection(SolutionProperties) = preSolution
		HideSolutionNode = FALSE
	EndGlobalSection
	GlobalSection(NestedProjects) = preSolution
		{6093D1F3-553E-40FF-9D20-77F226C963BF} = {46FEDA50-9DDB-42CB-A49D-615452ADBF9F}
	EndGlobalSection
	GlobalSection(ExtensibilityGlobals) = postSolution
		SolutionGuid = {F680A543-9246-4862-BBCA-83A45A6E8289}
	EndGlobalSection
EndGlobal
